// !$*UTF8*$!
{
	archiveVersion = 1;
	classes = {
	};
	objectVersion = 46;
	objects = {

/* Begin PBXBuildFile section */
		C784E9A41EA8583D00927853 /* AppDelegate.m in Sources */ = {isa = PBXBuildFile; fileRef = C784E9991EA8583D00927853 /* AppDelegate.m */; };
		C784E9A51EA8583D00927853 /* Assets.xcassets in Resources */ = {isa = PBXBuildFile; fileRef = C784E99A1EA8583D00927853 /* Assets.xcassets */; };
		C784E9A61EA8583D00927853 /* LaunchScreen.storyboard in Resources */ = {isa = PBXBuildFile; fileRef = C784E99B1EA8583D00927853 /* LaunchScreen.storyboard */; };
		C784E9A71EA8583D00927853 /* Main.storyboard in Resources */ = {isa = PBXBuildFile; fileRef = C784E99D1EA8583D00927853 /* Main.storyboard */; };
		C784E9A81EA8583D00927853 /* Info.plist in Resources */ = {isa = PBXBuildFile; fileRef = C784E99F1EA8583D00927853 /* Info.plist */; };
		C784E9A91EA8583D00927853 /* main.m in Sources */ = {isa = PBXBuildFile; fileRef = C784E9A01EA8583D00927853 /* main.m */; };
		C784E9AA1EA8583D00927853 /* SVLoadingView@2x.png in Resources */ = {isa = PBXBuildFile; fileRef = C784E9A11EA8583D00927853 /* SVLoadingView@2x.png */; };
		C784E9AB1EA8583D00927853 /* ViewController.m in Sources */ = {isa = PBXBuildFile; fileRef = C784E9A31EA8583D00927853 /* ViewController.m */; };
		C784E9B31EA8585C00927853 /* HLAlertCenter.m in Sources */ = {isa = PBXBuildFile; fileRef = C784E9AE1EA8585C00927853 /* HLAlertCenter.m */; };
		C784E9B41EA8585C00927853 /* NSObject+HLAlertCenter.m in Sources */ = {isa = PBXBuildFile; fileRef = C784E9B01EA8585C00927853 /* NSObject+HLAlertCenter.m */; };
		C784E9B51EA8585C00927853 /* UIView+HLCategory.m in Sources */ = {isa = PBXBuildFile; fileRef = C784E9B21EA8585C00927853 /* UIView+HLCategory.m */; };
/* End PBXBuildFile section */

/* Begin PBXFileReference section */
		C72FD9151EA7436E00F87329 /* HLAlertCenterDemo.app */ = {isa = PBXFileReference; explicitFileType = wrapper.application; includeInIndex = 0; path = HLAlertCenterDemo.app; sourceTree = BUILT_PRODUCTS_DIR; };
		C784E9981EA8583D00927853 /* AppDelegate.h */ = {isa = PBXFileReference; fileEncoding = 4; lastKnownFileType = sourcecode.c.h; path = AppDelegate.h; sourceTree = "<group>"; };
		C784E9991EA8583D00927853 /* AppDelegate.m */ = {isa = PBXFileReference; fileEncoding = 4; lastKnownFileType = sourcecode.c.objc; path = AppDelegate.m; sourceTree = "<group>"; };
		C784E99A1EA8583D00927853 /* Assets.xcassets */ = {isa = PBXFileReference; lastKnownFileType = folder.assetcatalog; path = Assets.xcassets; sourceTree = "<group>"; };
		C784E99C1EA8583D00927853 /* Base */ = {isa = PBXFileReference; lastKnownFileType = file.storyboard; name = Base; path = Base.lproj/LaunchScreen.storyboard; sourceTree = "<group>"; };
		C784E99E1EA8583D00927853 /* Base */ = {isa = PBXFileReference; lastKnownFileType = file.storyboard; name = Base; path = Base.lproj/Main.storyboard; sourceTree = "<group>"; };
		C784E99F1EA8583D00927853 /* Info.plist */ = {isa = PBXFileReference; fileEncoding = 4; lastKnownFileType = text.plist.xml; path = Info.plist; sourceTree = "<group>"; };
		C784E9A01EA8583D00927853 /* main.m */ = {isa = PBXFileReference; fileEncoding = 4; lastKnownFileType = sourcecode.c.objc; path = main.m; sourceTree = "<group>"; };
		C784E9A11EA8583D00927853 /* SVLoadingView@2x.png */ = {isa = PBXFileReference; lastKnownFileType = image.png; path = "SVLoadingView@2x.png"; sourceTree = "<group>"; };
		C784E9A21EA8583D00927853 /* ViewController.h */ = {isa = PBXFileReference; fileEncoding = 4; lastKnownFileType = sourcecode.c.h; path = ViewController.h; sourceTree = "<group>"; };
		C784E9A31EA8583D00927853 /* ViewController.m */ = {isa = PBXFileReference; fileEncoding = 4; lastKnownFileType = sourcecode.c.objc; path = ViewController.m; sourceTree = "<group>"; };
		C784E9AD1EA8585C00927853 /* HLAlertCenter.h */ = {isa = PBXFileReference; fileEncoding = 4; lastKnownFileType = sourcecode.c.h; path = HLAlertCenter.h; sourceTree = "<group>"; };
		C784E9AE1EA8585C00927853 /* HLAlertCenter.m */ = {isa = PBXFileReference; fileEncoding = 4; lastKnownFileType = sourcecode.c.objc; path = HLAlertCenter.m; sourceTree = "<group>"; };
		C784E9AF1EA8585C00927853 /* NSObject+HLAlertCenter.h */ = {isa = PBXFileReference; fileEncoding = 4; lastKnownFileType = sourcecode.c.h; path = "NSObject+HLAlertCenter.h"; sourceTree = "<group>"; };
		C784E9B01EA8585C00927853 /* NSObject+HLAlertCenter.m */ = {isa = PBXFileReference; fileEncoding = 4; lastKnownFileType = sourcecode.c.objc; path = "NSObject+HLAlertCenter.m"; sourceTree = "<group>"; };
		C784E9B11EA8585C00927853 /* UIView+HLCategory.h */ = {isa = PBXFileReference; fileEncoding = 4; lastKnownFileType = sourcecode.c.h; path = "UIView+HLCategory.h"; sourceTree = "<group>"; };
		C784E9B21EA8585C00927853 /* UIView+HLCategory.m */ = {isa = PBXFileReference; fileEncoding = 4; lastKnownFileType = sourcecode.c.objc; path = "UIView+HLCategory.m"; sourceTree = "<group>"; };
/* End PBXFileReference section */

/* Begin PBXFrameworksBuildPhase section */
		C72FD9121EA7436E00F87329 /* Frameworks */ = {
			isa = PBXFrameworksBuildPhase;
			buildActionMask = 2147483647;
			files = (
			);
			runOnlyForDeploymentPostprocessing = 0;
		};
/* End PBXFrameworksBuildPhase section */

/* Begin PBXGroup section */
		C72FD90C1EA7436E00F87329 = {
			isa = PBXGroup;
			children = (
				C784E9971EA8583D00927853 /* HLAlertCenterDemo */,
				C72FD9161EA7436E00F87329 /* Products */,
			);
			sourceTree = "<group>";
		};
		C72FD9161EA7436E00F87329 /* Products */ = {
			isa = PBXGroup;
			children = (
				C72FD9151EA7436E00F87329 /* HLAlertCenterDemo.app */,
			);
			name = Products;
			sourceTree = "<group>";
		};
		C784E9971EA8583D00927853 /* HLAlertCenterDemo */ = {
			isa = PBXGroup;
			children = (
				C784E9981EA8583D00927853 /* AppDelegate.h */,
				C784E9991EA8583D00927853 /* AppDelegate.m */,
				C784E9A21EA8583D00927853 /* ViewController.h */,
				C784E9A31EA8583D00927853 /* ViewController.m */,
				C784E99A1EA8583D00927853 /* Assets.xcassets */,
				C784E99B1EA8583D00927853 /* LaunchScreen.storyboard */,
				C784E99D1EA8583D00927853 /* Main.storyboard */,
				C784E99F1EA8583D00927853 /* Info.plist */,
				C784E9A01EA8583D00927853 /* main.m */,
				C784E9A11EA8583D00927853 /* SVLoadingView@2x.png */,
				C784E9AC1EA8585C00927853 /* HLAlertCenter */,
			);
			path = HLAlertCenterDemo;
			sourceTree = "<group>";
		};
		C784E9AC1EA8585C00927853 /* HLAlertCenter */ = {
			isa = PBXGroup;
			children = (
				C784E9AD1EA8585C00927853 /* HLAlertCenter.h */,
				C784E9AE1EA8585C00927853 /* HLAlertCenter.m */,
				C784E9AF1EA8585C00927853 /* NSObject+HLAlertCenter.h */,
				C784E9B01EA8585C00927853 /* NSObject+HLAlertCenter.m */,
				C784E9B11EA8585C00927853 /* UIView+HLCategory.h */,
				C784E9B21EA8585C00927853 /* UIView+HLCategory.m */,
			);
			path = HLAlertCenter;
			sourceTree = SOURCE_ROOT;
		};
/* End PBXGroup section */

/* Begin PBXNativeTarget section */
		C72FD9141EA7436E00F87329 /* HLAlertCenterDemo */ = {
			isa = PBXNativeTarget;
			buildConfigurationList = C72FD92C1EA7436E00F87329 /* Build configuration list for PBXNativeTarget "HLAlertCenterDemo" */;
			buildPhases = (
				C72FD9111EA7436E00F87329 /* Sources */,
				C72FD9121EA7436E00F87329 /* Frameworks */,
				C72FD9131EA7436E00F87329 /* Resources */,
			);
			buildRules = (
			);
			dependencies = (
			);
			name = HLAlertCenterDemo;
			productName = TKAlertCenterDemo;
			productReference = C72FD9151EA7436E00F87329 /* HLAlertCenterDemo.app */;
			productType = "com.apple.product-type.application";
		};
/* End PBXNativeTarget section */

/* Begin PBXProject section */
		C72FD90D1EA7436E00F87329 /* Project object */ = {
			isa = PBXProject;
			attributes = {
				LastUpgradeCheck = 0830;
				ORGANIZATIONNAME = lihongli;
				TargetAttributes = {
					C72FD9141EA7436E00F87329 = {
						CreatedOnToolsVersion = 8.3.1;
						DevelopmentTeam = 4AW78593E8;
						ProvisioningStyle = Manual;
					};
				};
			};
			buildConfigurationList = C72FD9101EA7436E00F87329 /* Build configuration list for PBXProject "HLAlertCenterDemo" */;
			compatibilityVersion = "Xcode 3.2";
			developmentRegion = English;
			hasScannedForEncodings = 0;
			knownRegions = (
				en,
				Base,
			);
			mainGroup = C72FD90C1EA7436E00F87329;
			productRefGroup = C72FD9161EA7436E00F87329 /* Products */;
			projectDirPath = "";
			projectRoot = "";
			targets = (
				C72FD9141EA7436E00F87329 /* HLAlertCenterDemo */,
			);
		};
/* End PBXProject section */

/* Begin PBXResourcesBuildPhase section */
		C72FD9131EA7436E00F87329 /* Resources */ = {
			isa = PBXResourcesBuildPhase;
			buildActionMask = 2147483647;
			files = (
				C784E9A81EA8583D00927853 /* Info.plist in Resources */,
				C784E9A71EA8583D00927853 /* Main.storyboard in Resources */,
				C784E9A51EA8583D00927853 /* Assets.xcassets in Resources */,
				C784E9A61EA8583D00927853 /* LaunchScreen.storyboard in Resources */,
				C784E9AA1EA8583D00927853 /* SVLoadingView@2x.png in Resources */,
			);
			runOnlyForDeploymentPostprocessing = 0;
		};
/* End PBXResourcesBuildPhase section */

/* Begin PBXSourcesBuildPhase section */
		C72FD9111EA7436E00F87329 /* Sources */ = {
			isa = PBXSourcesBuildPhase;
			buildActionMask = 2147483647;
			files = (
				C784E9B41EA8585C00927853 /* NSObject+HLAlertCenter.m in Sources */,
				C784E9AB1EA8583D00927853 /* ViewController.m in Sources */,
				C784E9B51EA8585C00927853 /* UIView+HLCategory.m in Sources */,
				C784E9A91EA8583D00927853 /* main.m in Sources */,
				C784E9A41EA8583D00927853 /* AppDelegate.m in Sources */,
				C784E9B31EA8585C00927853 /* HLAlertCenter.m in Sources */,
			);
			runOnlyForDeploymentPostprocessing = 0;
		};
/* End PBXSourcesBuildPhase section */

/* Begin PBXVariantGroup section */
		C784E99B1EA8583D00927853 /* LaunchScreen.storyboard */ = {
			isa = PBXVariantGroup;
			children = (
				C784E99C1EA8583D00927853 /* Base */,
			);
			name = LaunchScreen.storyboard;
			sourceTree = "<group>";
		};
		C784E99D1EA8583D00927853 /* Main.storyboard */ = {
			isa = PBXVariantGroup;
			children = (
				C784E99E1EA8583D00927853 /* Base */,
			);
			name = Main.storyboard;
			sourceTree = "<group>";
		};
/* End PBXVariantGroup section */

/* Begin XCBuildConfiguration section */
		C72FD92A1EA7436E00F87329 /* Debug */ = {
			isa = XCBuildConfiguration;
			buildSettings = {
				ALWAYS_SEARCH_USER_PATHS = NO;
				CLANG_ANALYZER_NONNULL = YES;
				CLANG_ANALYZER_NUMBER_OBJECT_CONVERSION = YES_AGGRESSIVE;
				CLANG_CXX_LANGUAGE_STANDARD = "gnu++0x";
				CLANG_CXX_LIBRARY = "libc++";
				CLANG_ENABLE_MODULES = YES;
				CLANG_ENABLE_OBJC_ARC = YES;
				CLANG_WARN_BOOL_CONVERSION = YES;
				CLANG_WARN_CONSTANT_CONVERSION = YES;
				CLANG_WARN_DIRECT_OBJC_ISA_USAGE = YES_ERROR;
				CLANG_WARN_DOCUMENTATION_COMMENTS = YES;
				CLANG_WARN_EMPTY_BODY = YES;
				CLANG_WARN_ENUM_CONVERSION = YES;
				CLANG_WARN_INFINITE_RECURSION = YES;
				CLANG_WARN_INT_CONVERSION = YES;
				CLANG_WARN_OBJC_ROOT_CLASS = YES_ERROR;
				CLANG_WARN_SUSPICIOUS_MOVE = YES;
				CLANG_WARN_UNREACHABLE_CODE = YES;
				CLANG_WARN__DUPLICATE_METHOD_MATCH = YES;
				"CODE_SIGN_IDENTITY[sdk=iphoneos*]" = "iPhone Developer";
				COPY_PHASE_STRIP = NO;
				DEBUG_INFORMATION_FORMAT = dwarf;
				ENABLE_STRICT_OBJC_MSGSEND = YES;
				ENABLE_TESTABILITY = YES;
				GCC_C_LANGUAGE_STANDARD = gnu99;
				GCC_DYNAMIC_NO_PIC = NO;
				GCC_NO_COMMON_BLOCKS = YES;
				GCC_OPTIMIZATION_LEVEL = 0;
				GCC_PREPROCESSOR_DEFINITIONS = (
					"DEBUG=1",
					"$(inherited)",
				);
				GCC_WARN_64_TO_32_BIT_CONVERSION = YES;
				GCC_WARN_ABOUT_RETURN_TYPE = YES_ERROR;
				GCC_WARN_UNDECLARED_SELECTOR = YES;
				GCC_WARN_UNINITIALIZED_AUTOS = YES_AGGRESSIVE;
				GCC_WARN_UNUSED_FUNCTION = YES;
				GCC_WARN_UNUSED_VARIABLE = YES;
				IPHONEOS_DEPLOYMENT_TARGET = 8.0;
				MTL_ENABLE_DEBUG_INFO = YES;
				ONLY_ACTIVE_ARCH = YES;
				SDKROOT = iphoneos;
				TARGETED_DEVICE_FAMILY = "1,2";
			};
			name = Debug;
		};
		C72FD92B1EA7436E00F87329 /* Release */ = {
			isa = XCBuildConfiguration;
			buildSettings = {
				ALWAYS_SEARCH_USER_PATHS = NO;
				CLANG_ANALYZER_NONNULL = YES;
				CLANG_ANALYZER_NUMBER_OBJECT_CONVERSION = YES_AGGRESSIVE;
				CLANG_CXX_LANGUAGE_STANDARD = "gnu++0x";
				CLANG_CXX_LIBRARY = "libc++";
				CLANG_ENABLE_MODULES = YES;
				CLANG_ENABLE_OBJC_ARC = YES;
				CLANG_WARN_BOOL_CONVERSION = YES;
				CLANG_WARN_CONSTANT_CONVERSION = YES;
				CLANG_WARN_DIRECT_OBJC_ISA_USAGE = YES_ERROR;
				CLANG_WARN_DOCUMENTATION_COMMENTS = YES;
				CLANG_WARN_EMPTY_BODY = YES;
				CLANG_WARN_ENUM_CONVERSION = YES;
				CLANG_WARN_INFINITE_RECURSION = YES;
				CLANG_WARN_INT_CONVERSION = YES;
				CLANG_WARN_OBJC_ROOT_CLASS = YES_ERROR;
				CLANG_WARN_SUSPICIOUS_MOVE = YES;
				CLANG_WARN_UNREACHABLE_CODE = YES;
				CLANG_WARN__DUPLICATE_METHOD_MATCH = YES;
				"CODE_SIGN_IDENTITY[sdk=iphoneos*]" = "iPhone Developer";
				COPY_PHASE_STRIP = NO;
				DEBUG_INFORMATION_FORMAT = "dwarf-with-dsym";
				ENABLE_NS_ASSERTIONS = NO;
				ENABLE_STRICT_OBJC_MSGSEND = YES;
				GCC_C_LANGUAGE_STANDARD = gnu99;
				GCC_NO_COMMON_BLOCKS = YES;
				GCC_WARN_64_TO_32_BIT_CONVERSION = YES;
				GCC_WARN_ABOUT_RETURN_TYPE = YES_ERROR;
				GCC_WARN_UNDECLARED_SELECTOR = YES;
				GCC_WARN_UNINITIALIZED_AUTOS = YES_AGGRESSIVE;
				GCC_WARN_UNUSED_FUNCTION = YES;
				GCC_WARN_UNUSED_VARIABLE = YES;
				IPHONEOS_DEPLOYMENT_TARGET = 8.0;
				MTL_ENABLE_DEBUG_INFO = NO;
				SDKROOT = iphoneos;
				TARGETED_DEVICE_FAMILY = "1,2";
				VALIDATE_PRODUCT = YES;
			};
			name = Release;
		};
		C72FD92D1EA7436E00F87329 /* Debug */ = {
			isa = XCBuildConfiguration;
			buildSettings = {
				ASSETCATALOG_COMPILER_APPICON_NAME = AppIcon;
				DEVELOPMENT_TEAM = 4AW78593E8;
				INFOPLIST_FILE = HLAlertCenterDemo/Info.plist;
				LD_RUNPATH_SEARCH_PATHS = "$(inherited) @executable_path/Frameworks";
				PRODUCT_BUNDLE_IDENTIFIER = com.sohu.HLAlertCenterDemo;
				PRODUCT_NAME = "$(TARGET_NAME)";
				PROVISIONING_PROFILE = "5fa40e5c-0f31-4a04-b61c-ea5b1f7b16bb";
				PROVISIONING_PROFILE_SPECIFIER = develop_universal_profile;
			};
			name = Debug;
		};
		C72FD92E1EA7436E00F87329 /* Release */ = {
			isa = XCBuildConfiguration;
			buildSettings = {
				ASSETCATALOG_COMPILER_APPICON_NAME = AppIcon;
				DEVELOPMENT_TEAM = "";
				INFOPLIST_FILE = HLAlertCenterDemo/Info.plist;
				LD_RUNPATH_SEARCH_PATHS = "$(inherited) @executable_path/Frameworks";
				PRODUCT_BUNDLE_IDENTIFIER = com.sohu.HLAlertCenterDemo;
				PRODUCT_NAME = "$(TARGET_NAME)";
				PROVISIONING_PROFILE_SPECIFIER = "";
			};
			name = Release;
		};
/* End XCBuildConfiguration section */

/* Begin XCConfigurationList section */
		C72FD9101EA7436E00F87329 /* Build configuration list for PBXProject "HLAlertCenterDemo" */ = {
			isa = XCConfigurationList;
			buildConfigurations = (
				C72FD92A1EA7436E00F87329 /* Debug */,
				C72FD92B1EA7436E00F87329 /* Release */,
			);
			defaultConfigurationIsVisible = 0;
			defaultConfigurationName = Release;
		};
		C72FD92C1EA7436E00F87329 /* Build configuration list for PBXNativeTarget "HLAlertCenterDemo" */ = {
			isa = XCConfigurationList;
			buildConfigurations = (
				C72FD92D1EA7436E00F87329 /* Debug */,
				C72FD92E1EA7436E00F87329 /* Release */,
			);
			defaultConfigurationIsVisible = 0;
			defaultConfigurationName = Release;
		};
/* End XCConfigurationList section */
	};
	rootObject = C72FD90D1EA7436E00F87329 /* Project object */;
}
