// !$*UTF8*$!
{
	archiveVersion = 1;
	classes = {
	};
	objectVersion = 46;
	objects = {

/* Begin PBXBuildFile section */
		C72FD91A1EA7436E00F87329 /* main.m in Sources */ = {isa = PBXBuildFile; fileRef = C72FD9191EA7436E00F87329 /* main.m */; };
		C72FD91D1EA7436E00F87329 /* AppDelegate.m in Sources */ = {isa = PBXBuildFile; fileRef = C72FD91C1EA7436E00F87329 /* AppDelegate.m */; };
		C72FD9201EA7436E00F87329 /* ViewController.m in Sources */ = {isa = PBXBuildFile; fileRef = C72FD91F1EA7436E00F87329 /* ViewController.m */; };
		C72FD9231EA7436E00F87329 /* Main.storyboard in Resources */ = {isa = PBXBuildFile; fileRef = C72FD9211EA7436E00F87329 /* Main.storyboard */; };
		C72FD9251EA7436E00F87329 /* Assets.xcassets in Resources */ = {isa = PBXBuildFile; fileRef = C72FD9241EA7436E00F87329 /* Assets.xcassets */; };
		C72FD9281EA7436E00F87329 /* LaunchScreen.storyboard in Resources */ = {isa = PBXBuildFile; fileRef = C72FD9261EA7436E00F87329 /* LaunchScreen.storyboard */; };
		C72FD9371EA7450800F87329 /* SVLoadingView@2x.png in Resources */ = {isa = PBXBuildFile; fileRef = C72FD9361EA7450800F87329 /* SVLoadingView@2x.png */; };
		C72FD9401EA7633300F87329 /* HLAlertCenter.m in Sources */ = {isa = PBXBuildFile; fileRef = C72FD93D1EA7633300F87329 /* HLAlertCenter.m */; };
		C72FD9411EA7633300F87329 /* UIView+HLCategory.m in Sources */ = {isa = PBXBuildFile; fileRef = C72FD93F1EA7633300F87329 /* UIView+HLCategory.m */; };
		C72FD9441EA7642A00F87329 /* NSObject+HLAlert.m in Sources */ = {isa = PBXBuildFile; fileRef = C72FD9431EA7642A00F87329 /* NSObject+HLAlert.m */; };
/* End PBXBuildFile section */

/* Begin PBXFileReference section */
		C72FD9151EA7436E00F87329 /* HLAlertCenterDemo.app */ = {isa = PBXFileReference; explicitFileType = wrapper.application; includeInIndex = 0; path = HLAlertCenterDemo.app; sourceTree = BUILT_PRODUCTS_DIR; };
		C72FD9191EA7436E00F87329 /* main.m */ = {isa = PBXFileReference; lastKnownFileType = sourcecode.c.objc; path = main.m; sourceTree = "<group>"; };
		C72FD91B1EA7436E00F87329 /* AppDelegate.h */ = {isa = PBXFileReference; lastKnownFileType = sourcecode.c.h; path = AppDelegate.h; sourceTree = "<group>"; };
		C72FD91C1EA7436E00F87329 /* AppDelegate.m */ = {isa = PBXFileReference; lastKnownFileType = sourcecode.c.objc; path = AppDelegate.m; sourceTree = "<group>"; };
		C72FD91E1EA7436E00F87329 /* ViewController.h */ = {isa = PBXFileReference; lastKnownFileType = sourcecode.c.h; path = ViewController.h; sourceTree = "<group>"; };
		C72FD91F1EA7436E00F87329 /* ViewController.m */ = {isa = PBXFileReference; lastKnownFileType = sourcecode.c.objc; path = ViewController.m; sourceTree = "<group>"; };
		C72FD9221EA7436E00F87329 /* Base */ = {isa = PBXFileReference; lastKnownFileType = file.storyboard; name = Base; path = Base.lproj/Main.storyboard; sourceTree = "<group>"; };
		C72FD9241EA7436E00F87329 /* Assets.xcassets */ = {isa = PBXFileReference; lastKnownFileType = folder.assetcatalog; path = Assets.xcassets; sourceTree = "<group>"; };
		C72FD9271EA7436E00F87329 /* Base */ = {isa = PBXFileReference; lastKnownFileType = file.storyboard; name = Base; path = Base.lproj/LaunchScreen.storyboard; sourceTree = "<group>"; };
		C72FD9291EA7436E00F87329 /* Info.plist */ = {isa = PBXFileReference; lastKnownFileType = text.plist.xml; path = Info.plist; sourceTree = "<group>"; };
		C72FD9361EA7450800F87329 /* SVLoadingView@2x.png */ = {isa = PBXFileReference; lastKnownFileType = image.png; path = "SVLoadingView@2x.png"; sourceTree = "<group>"; };
		C72FD93C1EA7633300F87329 /* HLAlertCenter.h */ = {isa = PBXFileReference; fileEncoding = 4; lastKnownFileType = sourcecode.c.h; path = HLAlertCenter.h; sourceTree = "<group>"; };
		C72FD93D1EA7633300F87329 /* HLAlertCenter.m */ = {isa = PBXFileReference; fileEncoding = 4; lastKnownFileType = sourcecode.c.objc; path = HLAlertCenter.m; sourceTree = "<group>"; };
		C72FD93E1EA7633300F87329 /* UIView+HLCategory.h */ = {isa = PBXFileReference; fileEncoding = 4; lastKnownFileType = sourcecode.c.h; path = "UIView+HLCategory.h"; sourceTree = "<group>"; };
		C72FD93F1EA7633300F87329 /* UIView+HLCategory.m */ = {isa = PBXFileReference; fileEncoding = 4; lastKnownFileType = sourcecode.c.objc; path = "UIView+HLCategory.m"; sourceTree = "<group>"; };
		C72FD9421EA7642A00F87329 /* NSObject+HLAlert.h */ = {isa = PBXFileReference; fileEncoding = 4; lastKnownFileType = sourcecode.c.h; path = "NSObject+HLAlert.h"; sourceTree = "<group>"; };
		C72FD9431EA7642A00F87329 /* NSObject+HLAlert.m */ = {isa = PBXFileReference; fileEncoding = 4; lastKnownFileType = sourcecode.c.objc; path = "NSObject+HLAlert.m"; sourceTree = "<group>"; };
/* End PBXFileReference section */

/* Begin PBXFrameworksBuildPhase section */
		C72FD9121EA7436E00F87329 /* Frameworks */ = {
			isa = PBXFrameworksBuildPhase;
			buildActionMask = 2147483647;
			files = (
			);
			runOnlyForDeploymentPostprocessing = 0;
		};
/* End PBXFrameworksBuildPhase section */

/* Begin PBXGroup section */
		C72FD90C1EA7436E00F87329 = {
			isa = PBXGroup;
			children = (
				C72FD9171EA7436E00F87329 /* TKAlertCenterDemo */,
				C72FD9161EA7436E00F87329 /* Products */,
			);
			sourceTree = "<group>";
		};
		C72FD9161EA7436E00F87329 /* Products */ = {
			isa = PBXGroup;
			children = (
				C72FD9151EA7436E00F87329 /* HLAlertCenterDemo.app */,
			);
			name = Products;
			sourceTree = "<group>";
		};
		C72FD9171EA7436E00F87329 /* TKAlertCenterDemo */ = {
			isa = PBXGroup;
			children = (
				C72FD91B1EA7436E00F87329 /* AppDelegate.h */,
				C72FD91C1EA7436E00F87329 /* AppDelegate.m */,
				C72FD91E1EA7436E00F87329 /* ViewController.h */,
				C72FD91F1EA7436E00F87329 /* ViewController.m */,
				C72FD93B1EA7633300F87329 /* HLAlertCenter */,
				C72FD9361EA7450800F87329 /* SVLoadingView@2x.png */,
				C72FD9211EA7436E00F87329 /* Main.storyboard */,
				C72FD9241EA7436E00F87329 /* Assets.xcassets */,
				C72FD9261EA7436E00F87329 /* LaunchScreen.storyboard */,
				C72FD9291EA7436E00F87329 /* Info.plist */,
				C72FD9181EA7436E00F87329 /* Supporting Files */,
			);
			path = TKAlertCenterDemo;
			sourceTree = "<group>";
		};
		C72FD9181EA7436E00F87329 /* Supporting Files */ = {
			isa = PBXGroup;
			children = (
				C72FD9191EA7436E00F87329 /* main.m */,
			);
			name = "Supporting Files";
			sourceTree = "<group>";
		};
		C72FD93B1EA7633300F87329 /* HLAlertCenter */ = {
			isa = PBXGroup;
			children = (
				C72FD93C1EA7633300F87329 /* HLAlertCenter.h */,
				C72FD93D1EA7633300F87329 /* HLAlertCenter.m */,
				C72FD93E1EA7633300F87329 /* UIView+HLCategory.h */,
				C72FD93F1EA7633300F87329 /* UIView+HLCategory.m */,
				C72FD9421EA7642A00F87329 /* NSObject+HLAlert.h */,
				C72FD9431EA7642A00F87329 /* NSObject+HLAlert.m */,
			);
			name = HLAlertCenter;
			path = TKAlertCenter;
			sourceTree = "<group>";
		};
/* End PBXGroup section */

/* Begin PBXNativeTarget section */
		C72FD9141EA7436E00F87329 /* HLAlertCenterDemo */ = {
			isa = PBXNativeTarget;
			buildConfigurationList = C72FD92C1EA7436E00F87329 /* Build configuration list for PBXNativeTarget "HLAlertCenterDemo" */;
			buildPhases = (
				C72FD9111EA7436E00F87329 /* Sources */,
				C72FD9121EA7436E00F87329 /* Frameworks */,
				C72FD9131EA7436E00F87329 /* Resources */,
			);
			buildRules = (
			);
			dependencies = (
			);
			name = HLAlertCenterDemo;
			productName = TKAlertCenterDemo;
			productReference = C72FD9151EA7436E00F87329 /* HLAlertCenterDemo.app */;
			productType = "com.apple.product-type.application";
		};
/* End PBXNativeTarget section */

/* Begin PBXProject section */
		C72FD90D1EA7436E00F87329 /* Project object */ = {
			isa = PBXProject;
			attributes = {
				LastUpgradeCheck = 0830;
				ORGANIZATIONNAME = lihongli;
				TargetAttributes = {
					C72FD9141EA7436E00F87329 = {
						CreatedOnToolsVersion = 8.3.1;
						DevelopmentTeam = 4AW78593E8;
						ProvisioningStyle = Manual;
					};
				};
			};
			buildConfigurationList = C72FD9101EA7436E00F87329 /* Build configuration list for PBXProject "HLAlertCenterDemo" */;
			compatibilityVersion = "Xcode 3.2";
			developmentRegion = English;
			hasScannedForEncodings = 0;
			knownRegions = (
				en,
				Base,
			);
			mainGroup = C72FD90C1EA7436E00F87329;
			productRefGroup = C72FD9161EA7436E00F87329 /* Products */;
			projectDirPath = "";
			projectRoot = "";
			targets = (
				C72FD9141EA7436E00F87329 /* HLAlertCenterDemo */,
			);
		};
/* End PBXProject section */

/* Begin PBXResourcesBuildPhase section */
		C72FD9131EA7436E00F87329 /* Resources */ = {
			isa = PBXResourcesBuildPhase;
			buildActionMask = 2147483647;
			files = (
				C72FD9281EA7436E00F87329 /* LaunchScreen.storyboard in Resources */,
				C72FD9251EA7436E00F87329 /* Assets.xcassets in Resources */,
				C72FD9231EA7436E00F87329 /* Main.storyboard in Resources */,
				C72FD9371EA7450800F87329 /* SVLoadingView@2x.png in Resources */,
			);
			runOnlyForDeploymentPostprocessing = 0;
		};
/* End PBXResourcesBuildPhase section */

/* Begin PBXSourcesBuildPhase section */
		C72FD9111EA7436E00F87329 /* Sources */ = {
			isa = PBXSourcesBuildPhase;
			buildActionMask = 2147483647;
			files = (
				C72FD9201EA7436E00F87329 /* ViewController.m in Sources */,
				C72FD91D1EA7436E00F87329 /* AppDelegate.m in Sources */,
				C72FD9401EA7633300F87329 /* HLAlertCenter.m in Sources */,
				C72FD9441EA7642A00F87329 /* NSObject+HLAlert.m in Sources */,
				C72FD9411EA7633300F87329 /* UIView+HLCategory.m in Sources */,
				C72FD91A1EA7436E00F87329 /* main.m in Sources */,
			);
			runOnlyForDeploymentPostprocessing = 0;
		};
/* End PBXSourcesBuildPhase section */

/* Begin PBXVariantGroup section */
		C72FD9211EA7436E00F87329 /* Main.storyboard */ = {
			isa = PBXVariantGroup;
			children = (
				C72FD9221EA7436E00F87329 /* Base */,
			);
			name = Main.storyboard;
			sourceTree = "<group>";
		};
		C72FD9261EA7436E00F87329 /* LaunchScreen.storyboard */ = {
			isa = PBXVariantGroup;
			children = (
				C72FD9271EA7436E00F87329 /* Base */,
			);
			name = LaunchScreen.storyboard;
			sourceTree = "<group>";
		};
/* End PBXVariantGroup section */

/* Begin XCBuildConfiguration section */
		C72FD92A1EA7436E00F87329 /* Debug */ = {
			isa = XCBuildConfiguration;
			buildSettings = {
				ALWAYS_SEARCH_USER_PATHS = NO;
				CLANG_ANALYZER_NONNULL = YES;
				CLANG_ANALYZER_NUMBER_OBJECT_CONVERSION = YES_AGGRESSIVE;
				CLANG_CXX_LANGUAGE_STANDARD = "gnu++0x";
				CLANG_CXX_LIBRARY = "libc++";
				CLANG_ENABLE_MODULES = YES;
				CLANG_ENABLE_OBJC_ARC = YES;
				CLANG_WARN_BOOL_CONVERSION = YES;
				CLANG_WARN_CONSTANT_CONVERSION = YES;
				CLANG_WARN_DIRECT_OBJC_ISA_USAGE = YES_ERROR;
				CLANG_WARN_DOCUMENTATION_COMMENTS = YES;
				CLANG_WARN_EMPTY_BODY = YES;
				CLANG_WARN_ENUM_CONVERSION = YES;
				CLANG_WARN_INFINITE_RECURSION = YES;
				CLANG_WARN_INT_CONVERSION = YES;
				CLANG_WARN_OBJC_ROOT_CLASS = YES_ERROR;
				CLANG_WARN_SUSPICIOUS_MOVE = YES;
				CLANG_WARN_UNREACHABLE_CODE = YES;
				CLANG_WARN__DUPLICATE_METHOD_MATCH = YES;
				"CODE_SIGN_IDENTITY[sdk=iphoneos*]" = "iPhone Developer";
				COPY_PHASE_STRIP = NO;
				DEBUG_INFORMATION_FORMAT = dwarf;
				ENABLE_STRICT_OBJC_MSGSEND = YES;
				ENABLE_TESTABILITY = YES;
				GCC_C_LANGUAGE_STANDARD = gnu99;
				GCC_DYNAMIC_NO_PIC = NO;
				GCC_NO_COMMON_BLOCKS = YES;
				GCC_OPTIMIZATION_LEVEL = 0;
				GCC_PREPROCESSOR_DEFINITIONS = (
					"DEBUG=1",
					"$(inherited)",
				);
				GCC_WARN_64_TO_32_BIT_CONVERSION = YES;
				GCC_WARN_ABOUT_RETURN_TYPE = YES_ERROR;
				GCC_WARN_UNDECLARED_SELECTOR = YES;
				GCC_WARN_UNINITIALIZED_AUTOS = YES_AGGRESSIVE;
				GCC_WARN_UNUSED_FUNCTION = YES;
				GCC_WARN_UNUSED_VARIABLE = YES;
				IPHONEOS_DEPLOYMENT_TARGET = 8.0;
				MTL_ENABLE_DEBUG_INFO = YES;
				ONLY_ACTIVE_ARCH = YES;
				SDKROOT = iphoneos;
				TARGETED_DEVICE_FAMILY = "1,2";
			};
			name = Debug;
		};
		C72FD92B1EA7436E00F87329 /* Release */ = {
			isa = XCBuildConfiguration;
			buildSettings = {
				ALWAYS_SEARCH_USER_PATHS = NO;
				CLANG_ANALYZER_NONNULL = YES;
				CLANG_ANALYZER_NUMBER_OBJECT_CONVERSION = YES_AGGRESSIVE;
				CLANG_CXX_LANGUAGE_STANDARD = "gnu++0x";
				CLANG_CXX_LIBRARY = "libc++";
				CLANG_ENABLE_MODULES = YES;
				CLANG_ENABLE_OBJC_ARC = YES;
				CLANG_WARN_BOOL_CONVERSION = YES;
				CLANG_WARN_CONSTANT_CONVERSION = YES;
				CLANG_WARN_DIRECT_OBJC_ISA_USAGE = YES_ERROR;
				CLANG_WARN_DOCUMENTATION_COMMENTS = YES;
				CLANG_WARN_EMPTY_BODY = YES;
				CLANG_WARN_ENUM_CONVERSION = YES;
				CLANG_WARN_INFINITE_RECURSION = YES;
				CLANG_WARN_INT_CONVERSION = YES;
				CLANG_WARN_OBJC_ROOT_CLASS = YES_ERROR;
				CLANG_WARN_SUSPICIOUS_MOVE = YES;
				CLANG_WARN_UNREACHABLE_CODE = YES;
				CLANG_WARN__DUPLICATE_METHOD_MATCH = YES;
				"CODE_SIGN_IDENTITY[sdk=iphoneos*]" = "iPhone Developer";
				COPY_PHASE_STRIP = NO;
				DEBUG_INFORMATION_FORMAT = "dwarf-with-dsym";
				ENABLE_NS_ASSERTIONS = NO;
				ENABLE_STRICT_OBJC_MSGSEND = YES;
				GCC_C_LANGUAGE_STANDARD = gnu99;
				GCC_NO_COMMON_BLOCKS = YES;
				GCC_WARN_64_TO_32_BIT_CONVERSION = YES;
				GCC_WARN_ABOUT_RETURN_TYPE = YES_ERROR;
				GCC_WARN_UNDECLARED_SELECTOR = YES;
				GCC_WARN_UNINITIALIZED_AUTOS = YES_AGGRESSIVE;
				GCC_WARN_UNUSED_FUNCTION = YES;
				GCC_WARN_UNUSED_VARIABLE = YES;
				IPHONEOS_DEPLOYMENT_TARGET = 8.0;
				MTL_ENABLE_DEBUG_INFO = NO;
				SDKROOT = iphoneos;
				TARGETED_DEVICE_FAMILY = "1,2";
				VALIDATE_PRODUCT = YES;
			};
			name = Release;
		};
		C72FD92D1EA7436E00F87329 /* Debug */ = {
			isa = XCBuildConfiguration;
			buildSettings = {
				ASSETCATALOG_COMPILER_APPICON_NAME = AppIcon;
				DEVELOPMENT_TEAM = 4AW78593E8;
				INFOPLIST_FILE = TKAlertCenterDemo/Info.plist;
				LD_RUNPATH_SEARCH_PATHS = "$(inherited) @executable_path/Frameworks";
				PRODUCT_BUNDLE_IDENTIFIER = com.sohu.TKAlertCenterDemo;
				PRODUCT_NAME = "$(TARGET_NAME)";
				PROVISIONING_PROFILE = "5fa40e5c-0f31-4a04-b61c-ea5b1f7b16bb";
				PROVISIONING_PROFILE_SPECIFIER = develop_universal_profile;
			};
			name = Debug;
		};
		C72FD92E1EA7436E00F87329 /* Release */ = {
			isa = XCBuildConfiguration;
			buildSettings = {
				ASSETCATALOG_COMPILER_APPICON_NAME = AppIcon;
				DEVELOPMENT_TEAM = "";
				INFOPLIST_FILE = TKAlertCenterDemo/Info.plist;
				LD_RUNPATH_SEARCH_PATHS = "$(inherited) @executable_path/Frameworks";
				PRODUCT_BUNDLE_IDENTIFIER = com.sohu.TKAlertCenterDemo;
				PRODUCT_NAME = "$(TARGET_NAME)";
				PROVISIONING_PROFILE_SPECIFIER = "";
			};
			name = Release;
		};
/* End XCBuildConfiguration section */

/* Begin XCConfigurationList section */
		C72FD9101EA7436E00F87329 /* Build configuration list for PBXProject "HLAlertCenterDemo" */ = {
			isa = XCConfigurationList;
			buildConfigurations = (
				C72FD92A1EA7436E00F87329 /* Debug */,
				C72FD92B1EA7436E00F87329 /* Release */,
			);
			defaultConfigurationIsVisible = 0;
			defaultConfigurationName = Release;
		};
		C72FD92C1EA7436E00F87329 /* Build configuration list for PBXNativeTarget "HLAlertCenterDemo" */ = {
			isa = XCConfigurationList;
			buildConfigurations = (
				C72FD92D1EA7436E00F87329 /* Debug */,
				C72FD92E1EA7436E00F87329 /* Release */,
			);
			defaultConfigurationIsVisible = 0;
			defaultConfigurationName = Release;
		};
/* End XCConfigurationList section */
	};
	rootObject = C72FD90D1EA7436E00F87329 /* Project object */;
}
